// !$*UTF8*$!
{
	archiveVersion = 1;
	classes = {
	};
	objectVersion = 55;
	objects = {

/* Begin PBXBuildFile section */
		1507267A298D32C300AF0679 /* PushNotificationManager.swift in Sources */ = {isa = PBXBuildFile; fileRef = 15072679298D32C300AF0679 /* PushNotificationManager.swift */; };
		1507267E2993FF0400AF0679 /* NotificationSettingView.swift in Sources */ = {isa = PBXBuildFile; fileRef = 1507267D2993FF0400AF0679 /* NotificationSettingView.swift */; };
		150726802993FF6700AF0679 /* ThemeSettingView.swift in Sources */ = {isa = PBXBuildFile; fileRef = 1507267F2993FF6700AF0679 /* ThemeSettingView.swift */; };
		1531D2C8298B4F2400157780 /* PlannedEventManager.swift in Sources */ = {isa = PBXBuildFile; fileRef = 1531D2C7298B4F2400157780 /* PlannedEventManager.swift */; };
		1531D2CA298B546000157780 /* ActualEventManager.swift in Sources */ = {isa = PBXBuildFile; fileRef = 1531D2C9298B546000157780 /* ActualEventManager.swift */; };
		1531D2D0298B55B800157780 /* ActualEventViewModel.swift in Sources */ = {isa = PBXBuildFile; fileRef = 1531D2CF298B55B800157780 /* ActualEventViewModel.swift */; };
		154BCF062978D106002635AA /* AuthService.swift in Sources */ = {isa = PBXBuildFile; fileRef = 154BCF052978D105002635AA /* AuthService.swift */; };
		154BCF082978D182002635AA /* UserService.swift in Sources */ = {isa = PBXBuildFile; fileRef = 154BCF072978D182002635AA /* UserService.swift */; };
		15535AFD2972F69F00A0E422 /* aws_amplify_time_planner_swift_appApp.swift in Sources */ = {isa = PBXBuildFile; fileRef = 15535AFC2972F69F00A0E422 /* aws_amplify_time_planner_swift_appApp.swift */; };
		15535AFF2972F69F00A0E422 /* ContentView.swift in Sources */ = {isa = PBXBuildFile; fileRef = 15535AFE2972F69F00A0E422 /* ContentView.swift */; };
		15535B012972F6A300A0E422 /* Assets.xcassets in Resources */ = {isa = PBXBuildFile; fileRef = 15535B002972F6A300A0E422 /* Assets.xcassets */; };
		15535B042972F6A300A0E422 /* Preview Assets.xcassets in Resources */ = {isa = PBXBuildFile; fileRef = 15535B032972F6A300A0E422 /* Preview Assets.xcassets */; };
		15535B0C2972F6EF00A0E422 /* AWSAPIPlugin in Frameworks */ = {isa = PBXBuildFile; productRef = 15535B0B2972F6EF00A0E422 /* AWSAPIPlugin */; };
		15535B0E2972F6EF00A0E422 /* AWSCognitoAuthPlugin in Frameworks */ = {isa = PBXBuildFile; productRef = 15535B0D2972F6EF00A0E422 /* AWSCognitoAuthPlugin */; };
		15535B102972F6EF00A0E422 /* Amplify in Frameworks */ = {isa = PBXBuildFile; productRef = 15535B0F2972F6EF00A0E422 /* Amplify */; };
		156359842976465700FE8063 /* aws-amplify-time-planner-swift-app-model.xcdatamodeld in Sources */ = {isa = PBXBuildFile; fileRef = 156359822976465700FE8063 /* aws-amplify-time-planner-swift-app-model.xcdatamodeld */; };
		15CFEBC3297A3D9F00FD9565 /* DateHelper.swift in Sources */ = {isa = PBXBuildFile; fileRef = 15CFEBC2297A3D9F00FD9565 /* DateHelper.swift */; };
		15CFEBC6297D95CF00FD9565 /* HomeScheduleView.swift in Sources */ = {isa = PBXBuildFile; fileRef = 15CFEBC5297D95CE00FD9565 /* HomeScheduleView.swift */; };
		15CFEBCC297D973100FD9565 /* PlannedEventViewModel.swift in Sources */ = {isa = PBXBuildFile; fileRef = 15CFEBCB297D973100FD9565 /* PlannedEventViewModel.swift */; };
		15CFEBCE297D97A700FD9565 /* TimeSectionView.swift in Sources */ = {isa = PBXBuildFile; fileRef = 15CFEBCD297D97A600FD9565 /* TimeSectionView.swift */; };
		15CFEBD0297D98D200FD9565 /* PlannedEventSectionView.swift in Sources */ = {isa = PBXBuildFile; fileRef = 15CFEBCF297D98D200FD9565 /* PlannedEventSectionView.swift */; };
		15CFEBD2297D990C00FD9565 /* ActualEventSectionView.swift in Sources */ = {isa = PBXBuildFile; fileRef = 15CFEBD1297D990B00FD9565 /* ActualEventSectionView.swift */; };
		15CFEBE1297E6DCF00FD9565 /* CoreDataManager.swift in Sources */ = {isa = PBXBuildFile; fileRef = 15CFEBE0297E6DCE00FD9565 /* CoreDataManager.swift */; };
		15E4065B298B609500705D80 /* PlannedEvent+CoreDataClass.swift in Sources */ = {isa = PBXBuildFile; fileRef = 15E40657298B609500705D80 /* PlannedEvent+CoreDataClass.swift */; };
		15E4065C298B609500705D80 /* PlannedEvent+CoreDataProperties.swift in Sources */ = {isa = PBXBuildFile; fileRef = 15E40658298B609500705D80 /* PlannedEvent+CoreDataProperties.swift */; };
		15E4065D298B609500705D80 /* ActualEvent+CoreDataClass.swift in Sources */ = {isa = PBXBuildFile; fileRef = 15E40659298B609500705D80 /* ActualEvent+CoreDataClass.swift */; };
		15E4065E298B609500705D80 /* ActualEvent+CoreDataProperties.swift in Sources */ = {isa = PBXBuildFile; fileRef = 15E4065A298B609500705D80 /* ActualEvent+CoreDataProperties.swift */; };
		15E8A47F2989236D00BFAC1B /* SettingView.swift in Sources */ = {isa = PBXBuildFile; fileRef = 15E8A47E2989236D00BFAC1B /* SettingView.swift */; };
		A344950688FAEF109D74FA8F /* awsconfiguration.json in Resources */ = {isa = PBXBuildFile; fileRef = 79D742C1B144444EF9931E7D /* awsconfiguration.json */; };
		B0F6B018BF6B60D4FA0F4FE1 /* amplifyconfiguration.json in Resources */ = {isa = PBXBuildFile; fileRef = 0251B55F8FC1BE4D6C3A726F /* amplifyconfiguration.json */; };
/* End PBXBuildFile section */

/* Begin PBXFileReference section */
		0251B55F8FC1BE4D6C3A726F /* amplifyconfiguration.json */ = {isa = PBXFileReference; explicitFileType = text.json; path = amplifyconfiguration.json; sourceTree = "<group>"; };
		15072679298D32C300AF0679 /* PushNotificationManager.swift */ = {isa = PBXFileReference; lastKnownFileType = sourcecode.swift; path = PushNotificationManager.swift; sourceTree = "<group>"; };
		1507267D2993FF0400AF0679 /* NotificationSettingView.swift */ = {isa = PBXFileReference; lastKnownFileType = sourcecode.swift; path = NotificationSettingView.swift; sourceTree = "<group>"; };
		1507267F2993FF6700AF0679 /* ThemeSettingView.swift */ = {isa = PBXFileReference; lastKnownFileType = sourcecode.swift; path = ThemeSettingView.swift; sourceTree = "<group>"; };
		1531D2C7298B4F2400157780 /* PlannedEventManager.swift */ = {isa = PBXFileReference; lastKnownFileType = sourcecode.swift; path = PlannedEventManager.swift; sourceTree = "<group>"; };
		1531D2C9298B546000157780 /* ActualEventManager.swift */ = {isa = PBXFileReference; lastKnownFileType = sourcecode.swift; path = ActualEventManager.swift; sourceTree = "<group>"; };
		1531D2CF298B55B800157780 /* ActualEventViewModel.swift */ = {isa = PBXFileReference; lastKnownFileType = sourcecode.swift; path = ActualEventViewModel.swift; sourceTree = "<group>"; };
		154BCF052978D105002635AA /* AuthService.swift */ = {isa = PBXFileReference; lastKnownFileType = sourcecode.swift; path = AuthService.swift; sourceTree = "<group>"; };
		154BCF072978D182002635AA /* UserService.swift */ = {isa = PBXFileReference; lastKnownFileType = sourcecode.swift; path = UserService.swift; sourceTree = "<group>"; };
		15535AF92972F69F00A0E422 /* aws-amplify-time-planner-swift-app.app */ = {isa = PBXFileReference; explicitFileType = wrapper.application; includeInIndex = 0; path = "aws-amplify-time-planner-swift-app.app"; sourceTree = BUILT_PRODUCTS_DIR; };
		15535AFC2972F69F00A0E422 /* aws_amplify_time_planner_swift_appApp.swift */ = {isa = PBXFileReference; lastKnownFileType = sourcecode.swift; path = aws_amplify_time_planner_swift_appApp.swift; sourceTree = "<group>"; };
		15535AFE2972F69F00A0E422 /* ContentView.swift */ = {isa = PBXFileReference; lastKnownFileType = sourcecode.swift; path = ContentView.swift; sourceTree = "<group>"; };
		15535B002972F6A300A0E422 /* Assets.xcassets */ = {isa = PBXFileReference; lastKnownFileType = folder.assetcatalog; path = Assets.xcassets; sourceTree = "<group>"; };
		15535B032972F6A300A0E422 /* Preview Assets.xcassets */ = {isa = PBXFileReference; lastKnownFileType = folder.assetcatalog; path = "Preview Assets.xcassets"; sourceTree = "<group>"; };
		156359832976465700FE8063 /* aws-amplify-time-planner-swift-app.xcdatamodel */ = {isa = PBXFileReference; lastKnownFileType = wrapper.xcdatamodel; path = "aws-amplify-time-planner-swift-app.xcdatamodel"; sourceTree = "<group>"; };
		15CFEBC2297A3D9F00FD9565 /* DateHelper.swift */ = {isa = PBXFileReference; lastKnownFileType = sourcecode.swift; path = DateHelper.swift; sourceTree = "<group>"; };
		15CFEBC5297D95CE00FD9565 /* HomeScheduleView.swift */ = {isa = PBXFileReference; lastKnownFileType = sourcecode.swift; path = HomeScheduleView.swift; sourceTree = "<group>"; };
		15CFEBCB297D973100FD9565 /* PlannedEventViewModel.swift */ = {isa = PBXFileReference; lastKnownFileType = sourcecode.swift; path = PlannedEventViewModel.swift; sourceTree = "<group>"; };
		15CFEBCD297D97A600FD9565 /* TimeSectionView.swift */ = {isa = PBXFileReference; lastKnownFileType = sourcecode.swift; path = TimeSectionView.swift; sourceTree = "<group>"; };
		15CFEBCF297D98D200FD9565 /* PlannedEventSectionView.swift */ = {isa = PBXFileReference; lastKnownFileType = sourcecode.swift; path = PlannedEventSectionView.swift; sourceTree = "<group>"; };
		15CFEBD1297D990B00FD9565 /* ActualEventSectionView.swift */ = {isa = PBXFileReference; lastKnownFileType = sourcecode.swift; path = ActualEventSectionView.swift; sourceTree = "<group>"; };
		15CFEBE0297E6DCE00FD9565 /* CoreDataManager.swift */ = {isa = PBXFileReference; lastKnownFileType = sourcecode.swift; path = CoreDataManager.swift; sourceTree = "<group>"; };
		15E40657298B609500705D80 /* PlannedEvent+CoreDataClass.swift */ = {isa = PBXFileReference; lastKnownFileType = sourcecode.swift; path = "PlannedEvent+CoreDataClass.swift"; sourceTree = "<group>"; };
		15E40658298B609500705D80 /* PlannedEvent+CoreDataProperties.swift */ = {isa = PBXFileReference; lastKnownFileType = sourcecode.swift; path = "PlannedEvent+CoreDataProperties.swift"; sourceTree = "<group>"; };
		15E40659298B609500705D80 /* ActualEvent+CoreDataClass.swift */ = {isa = PBXFileReference; lastKnownFileType = sourcecode.swift; path = "ActualEvent+CoreDataClass.swift"; sourceTree = "<group>"; };
		15E4065A298B609500705D80 /* ActualEvent+CoreDataProperties.swift */ = {isa = PBXFileReference; lastKnownFileType = sourcecode.swift; path = "ActualEvent+CoreDataProperties.swift"; sourceTree = "<group>"; };
		15E8A47E2989236D00BFAC1B /* SettingView.swift */ = {isa = PBXFileReference; lastKnownFileType = sourcecode.swift; path = SettingView.swift; sourceTree = "<group>"; };
		79D742C1B144444EF9931E7D /* awsconfiguration.json */ = {isa = PBXFileReference; explicitFileType = text.json; path = awsconfiguration.json; sourceTree = "<group>"; };
/* End PBXFileReference section */

/* Begin PBXFrameworksBuildPhase section */
		15535AF62972F69F00A0E422 /* Frameworks */ = {
			isa = PBXFrameworksBuildPhase;
			buildActionMask = 2147483647;
			files = (
				15535B102972F6EF00A0E422 /* Amplify in Frameworks */,
				15535B0C2972F6EF00A0E422 /* AWSAPIPlugin in Frameworks */,
				15535B0E2972F6EF00A0E422 /* AWSCognitoAuthPlugin in Frameworks */,
			);
			runOnlyForDeploymentPostprocessing = 0;
		};
/* End PBXFrameworksBuildPhase section */

/* Begin PBXGroup section */
		0F918D0241CEA20C1B28F844 /* AmplifyConfig */ = {
			isa = PBXGroup;
			children = (
				79D742C1B144444EF9931E7D /* awsconfiguration.json */,
				0251B55F8FC1BE4D6C3A726F /* amplifyconfiguration.json */,
			);
			name = AmplifyConfig;
			sourceTree = "<group>";
		};
		154BCF0929790865002635AA /* View */ = {
			isa = PBXGroup;
			children = (
				15E8A47D2989235600BFAC1B /* SettingView */,
				15CFEBC4297D95B000FD9565 /* HomeScheduleView */,
			);
			path = View;
			sourceTree = "<group>";
		};
		15535AF02972F69F00A0E422 = {
			isa = PBXGroup;
			children = (
				15535AFB2972F69F00A0E422 /* aws-amplify-time-planner-swift-app */,
				15535AFA2972F69F00A0E422 /* Products */,
				0F918D0241CEA20C1B28F844 /* AmplifyConfig */,
			);
			sourceTree = "<group>";
		};
		15535AFA2972F69F00A0E422 /* Products */ = {
			isa = PBXGroup;
			children = (
				15535AF92972F69F00A0E422 /* aws-amplify-time-planner-swift-app.app */,
			);
			name = Products;
			sourceTree = "<group>";
		};
		15535AFB2972F69F00A0E422 /* aws-amplify-time-planner-swift-app */ = {
			isa = PBXGroup;
			children = (
				15CFEBDF297E6DA900FD9565 /* Manager */,
				15CFEBC7297D96C900FD9565 /* Model */,
				15CFEBC1297A3D8600FD9565 /* Helper */,
				15CFEBBE297930D300FD9565 /* ViewModel */,
				156359952977E70C00FE8063 /* Service */,
				15535AFC2972F69F00A0E422 /* aws_amplify_time_planner_swift_appApp.swift */,
				15535AFE2972F69F00A0E422 /* ContentView.swift */,
				154BCF0929790865002635AA /* View */,
				15535B002972F6A300A0E422 /* Assets.xcassets */,
				15535B022972F6A300A0E422 /* Preview Content */,
				156359822976465700FE8063 /* aws-amplify-time-planner-swift-app-model.xcdatamodeld */,
			);
			path = "aws-amplify-time-planner-swift-app";
			sourceTree = "<group>";
		};
		15535B022972F6A300A0E422 /* Preview Content */ = {
			isa = PBXGroup;
			children = (
				15535B032972F6A300A0E422 /* Preview Assets.xcassets */,
			);
			path = "Preview Content";
			sourceTree = "<group>";
		};
		156359952977E70C00FE8063 /* Service */ = {
			isa = PBXGroup;
			children = (
				154BCF052978D105002635AA /* AuthService.swift */,
				154BCF072978D182002635AA /* UserService.swift */,
			);
			path = Service;
			sourceTree = "<group>";
		};
		15CFEBBE297930D300FD9565 /* ViewModel */ = {
			isa = PBXGroup;
			children = (
				15CFEBCB297D973100FD9565 /* PlannedEventViewModel.swift */,
				1531D2CF298B55B800157780 /* ActualEventViewModel.swift */,
			);
			path = ViewModel;
			sourceTree = "<group>";
		};
		15CFEBC1297A3D8600FD9565 /* Helper */ = {
			isa = PBXGroup;
			children = (
				15CFEBC2297A3D9F00FD9565 /* DateHelper.swift */,
			);
			path = Helper;
			sourceTree = "<group>";
		};
		15CFEBC4297D95B000FD9565 /* HomeScheduleView */ = {
			isa = PBXGroup;
			children = (
				15CFEBC5297D95CE00FD9565 /* HomeScheduleView.swift */,
				15CFEBCD297D97A600FD9565 /* TimeSectionView.swift */,
				15CFEBCF297D98D200FD9565 /* PlannedEventSectionView.swift */,
				15CFEBD1297D990B00FD9565 /* ActualEventSectionView.swift */,
			);
			path = HomeScheduleView;
			sourceTree = "<group>";
		};
		15CFEBC7297D96C900FD9565 /* Model */ = {
			isa = PBXGroup;
			children = (
				15CFEBC8297D96D600FD9565 /* Core Data */,
			);
			path = Model;
			sourceTree = "<group>";
		};
		15CFEBC8297D96D600FD9565 /* Core Data */ = {
			isa = PBXGroup;
			children = (
				15E40657298B609500705D80 /* PlannedEvent+CoreDataClass.swift */,
				15E40658298B609500705D80 /* PlannedEvent+CoreDataProperties.swift */,
				15E40659298B609500705D80 /* ActualEvent+CoreDataClass.swift */,
				15E4065A298B609500705D80 /* ActualEvent+CoreDataProperties.swift */,
			);
			path = "Core Data";
			sourceTree = "<group>";
		};
		15CFEBDF297E6DA900FD9565 /* Manager */ = {
			isa = PBXGroup;
			children = (
				15CFEBE0297E6DCE00FD9565 /* CoreDataManager.swift */,
				1531D2C7298B4F2400157780 /* PlannedEventManager.swift */,
				15072679298D32C300AF0679 /* PushNotificationManager.swift */,
				1531D2C9298B546000157780 /* ActualEventManager.swift */,
			);
			path = Manager;
			sourceTree = "<group>";
		};
		15E8A47D2989235600BFAC1B /* SettingView */ = {
			isa = PBXGroup;
			children = (
				15E8A47E2989236D00BFAC1B /* SettingView.swift */,
				1507267F2993FF6700AF0679 /* ThemeSettingView.swift */,
				1507267D2993FF0400AF0679 /* NotificationSettingView.swift */,
			);
			path = SettingView;
			sourceTree = "<group>";
		};
/* End PBXGroup section */

/* Begin PBXNativeTarget section */
		15535AF82972F69F00A0E422 /* aws-amplify-time-planner-swift-app */ = {
			isa = PBXNativeTarget;
			buildConfigurationList = 15535B072972F6A300A0E422 /* Build configuration list for PBXNativeTarget "aws-amplify-time-planner-swift-app" */;
			buildPhases = (
				15535AF52972F69F00A0E422 /* Sources */,
				15535AF62972F69F00A0E422 /* Frameworks */,
				15535AF72972F69F00A0E422 /* Resources */,
			);
			buildRules = (
			);
			dependencies = (
			);
			name = "aws-amplify-time-planner-swift-app";
			packageProductDependencies = (
				15535B0B2972F6EF00A0E422 /* AWSAPIPlugin */,
				15535B0D2972F6EF00A0E422 /* AWSCognitoAuthPlugin */,
				15535B0F2972F6EF00A0E422 /* Amplify */,
			);
			productName = "aws-amplify-time-planner-swift-app";
			productReference = 15535AF92972F69F00A0E422 /* aws-amplify-time-planner-swift-app.app */;
			productType = "com.apple.product-type.application";
		};
/* End PBXNativeTarget section */

/* Begin PBXProject section */
		15535AF12972F69F00A0E422 /* Project object */ = {
			isa = PBXProject;
			attributes = {
				BuildIndependentTargetsInParallel = 1;
				LastSwiftUpdateCheck = 1340;
				LastUpgradeCheck = 1340;
				TargetAttributes = {
					15535AF82972F69F00A0E422 = {
						CreatedOnToolsVersion = 13.4.1;
					};
				};
			};
			buildConfigurationList = 15535AF42972F69F00A0E422 /* Build configuration list for PBXProject "aws-amplify-time-planner-swift-app" */;
			compatibilityVersion = "Xcode 13.0";
			developmentRegion = en;
			hasScannedForEncodings = 0;
			knownRegions = (
				en,
				Base,
			);
			mainGroup = 15535AF02972F69F00A0E422;
			packageReferences = (
				15535B0A2972F6EF00A0E422 /* XCRemoteSwiftPackageReference "amplify-swift" */,
			);
			productRefGroup = 15535AFA2972F69F00A0E422 /* Products */;
			projectDirPath = "";
			projectRoot = "";
			targets = (
				15535AF82972F69F00A0E422 /* aws-amplify-time-planner-swift-app */,
			);
		};
/* End PBXProject section */

/* Begin PBXResourcesBuildPhase section */
		15535AF72972F69F00A0E422 /* Resources */ = {
			isa = PBXResourcesBuildPhase;
			buildActionMask = 2147483647;
			files = (
				15535B042972F6A300A0E422 /* Preview Assets.xcassets in Resources */,
				15535B012972F6A300A0E422 /* Assets.xcassets in Resources */,
				A344950688FAEF109D74FA8F /* awsconfiguration.json in Resources */,
				B0F6B018BF6B60D4FA0F4FE1 /* amplifyconfiguration.json in Resources */,
			);
			runOnlyForDeploymentPostprocessing = 0;
		};
/* End PBXResourcesBuildPhase section */

/* Begin PBXSourcesBuildPhase section */
		15535AF52972F69F00A0E422 /* Sources */ = {
			isa = PBXSourcesBuildPhase;
			buildActionMask = 2147483647;
			files = (
				1507267A298D32C300AF0679 /* PushNotificationManager.swift in Sources */,
				15CFEBD0297D98D200FD9565 /* PlannedEventSectionView.swift in Sources */,
				15535AFF2972F69F00A0E422 /* ContentView.swift in Sources */,
				1531D2CA298B546000157780 /* ActualEventManager.swift in Sources */,
				15CFEBC6297D95CF00FD9565 /* HomeScheduleView.swift in Sources */,
				1531D2C8298B4F2400157780 /* PlannedEventManager.swift in Sources */,
				15CFEBCC297D973100FD9565 /* PlannedEventViewModel.swift in Sources */,
				15E8A47F2989236D00BFAC1B /* SettingView.swift in Sources */,
				15CFEBCE297D97A700FD9565 /* TimeSectionView.swift in Sources */,
				15CFEBD2297D990C00FD9565 /* ActualEventSectionView.swift in Sources */,
				15E4065C298B609500705D80 /* PlannedEvent+CoreDataProperties.swift in Sources */,
				15E4065D298B609500705D80 /* ActualEvent+CoreDataClass.swift in Sources */,
				15CFEBE1297E6DCF00FD9565 /* CoreDataManager.swift in Sources */,
				154BCF082978D182002635AA /* UserService.swift in Sources */,
				15535AFD2972F69F00A0E422 /* aws_amplify_time_planner_swift_appApp.swift in Sources */,
				15E4065E298B609500705D80 /* ActualEvent+CoreDataProperties.swift in Sources */,
				156359842976465700FE8063 /* aws-amplify-time-planner-swift-app-model.xcdatamodeld in Sources */,
				1531D2D0298B55B800157780 /* ActualEventViewModel.swift in Sources */,
				15E4065B298B609500705D80 /* PlannedEvent+CoreDataClass.swift in Sources */,
				150726802993FF6700AF0679 /* ThemeSettingView.swift in Sources */,
				15CFEBC3297A3D9F00FD9565 /* DateHelper.swift in Sources */,
				1507267E2993FF0400AF0679 /* NotificationSettingView.swift in Sources */,
				154BCF062978D106002635AA /* AuthService.swift in Sources */,
			);
			runOnlyForDeploymentPostprocessing = 0;
		};
/* End PBXSourcesBuildPhase section */

/* Begin XCBuildConfiguration section */
		15535B052972F6A300A0E422 /* Debug */ = {
			isa = XCBuildConfiguration;
			buildSettings = {
				ALWAYS_SEARCH_USER_PATHS = NO;
				CLANG_ANALYZER_NONNULL = YES;
				CLANG_ANALYZER_NUMBER_OBJECT_CONVERSION = YES_AGGRESSIVE;
				CLANG_CXX_LANGUAGE_STANDARD = "gnu++17";
				CLANG_ENABLE_MODULES = YES;
				CLANG_ENABLE_OBJC_ARC = YES;
				CLANG_ENABLE_OBJC_WEAK = YES;
				CLANG_WARN_BLOCK_CAPTURE_AUTORELEASING = YES;
				CLANG_WARN_BOOL_CONVERSION = YES;
				CLANG_WARN_COMMA = YES;
				CLANG_WARN_CONSTANT_CONVERSION = YES;
				CLANG_WARN_DEPRECATED_OBJC_IMPLEMENTATIONS = YES;
				CLANG_WARN_DIRECT_OBJC_ISA_USAGE = YES_ERROR;
				CLANG_WARN_DOCUMENTATION_COMMENTS = YES;
				CLANG_WARN_EMPTY_BODY = YES;
				CLANG_WARN_ENUM_CONVERSION = YES;
				CLANG_WARN_INFINITE_RECURSION = YES;
				CLANG_WARN_INT_CONVERSION = YES;
				CLANG_WARN_NON_LITERAL_NULL_CONVERSION = YES;
				CLANG_WARN_OBJC_IMPLICIT_RETAIN_SELF = YES;
				CLANG_WARN_OBJC_LITERAL_CONVERSION = YES;
				CLANG_WARN_OBJC_ROOT_CLASS = YES_ERROR;
				CLANG_WARN_QUOTED_INCLUDE_IN_FRAMEWORK_HEADER = YES;
				CLANG_WARN_RANGE_LOOP_ANALYSIS = YES;
				CLANG_WARN_STRICT_PROTOTYPES = YES;
				CLANG_WARN_SUSPICIOUS_MOVE = YES;
				CLANG_WARN_UNGUARDED_AVAILABILITY = YES_AGGRESSIVE;
				CLANG_WARN_UNREACHABLE_CODE = YES;
				CLANG_WARN__DUPLICATE_METHOD_MATCH = YES;
				COPY_PHASE_STRIP = NO;
				DEBUG_INFORMATION_FORMAT = dwarf;
				ENABLE_STRICT_OBJC_MSGSEND = YES;
				ENABLE_TESTABILITY = YES;
				GCC_C_LANGUAGE_STANDARD = gnu11;
				GCC_DYNAMIC_NO_PIC = NO;
				GCC_NO_COMMON_BLOCKS = YES;
				GCC_OPTIMIZATION_LEVEL = 0;
				GCC_PREPROCESSOR_DEFINITIONS = (
					"DEBUG=1",
					"$(inherited)",
				);
				GCC_WARN_64_TO_32_BIT_CONVERSION = YES;
				GCC_WARN_ABOUT_RETURN_TYPE = YES_ERROR;
				GCC_WARN_UNDECLARED_SELECTOR = YES;
				GCC_WARN_UNINITIALIZED_AUTOS = YES_AGGRESSIVE;
				GCC_WARN_UNUSED_FUNCTION = YES;
				GCC_WARN_UNUSED_VARIABLE = YES;
				IPHONEOS_DEPLOYMENT_TARGET = 15.5;
				MTL_ENABLE_DEBUG_INFO = INCLUDE_SOURCE;
				MTL_FAST_MATH = YES;
				ONLY_ACTIVE_ARCH = YES;
				SDKROOT = iphoneos;
				SWIFT_ACTIVE_COMPILATION_CONDITIONS = DEBUG;
				SWIFT_OPTIMIZATION_LEVEL = "-Onone";
			};
			name = Debug;
		};
		15535B062972F6A300A0E422 /* Release */ = {
			isa = XCBuildConfiguration;
			buildSettings = {
				ALWAYS_SEARCH_USER_PATHS = NO;
				CLANG_ANALYZER_NONNULL = YES;
				CLANG_ANALYZER_NUMBER_OBJECT_CONVERSION = YES_AGGRESSIVE;
				CLANG_CXX_LANGUAGE_STANDARD = "gnu++17";
				CLANG_ENABLE_MODULES = YES;
				CLANG_ENABLE_OBJC_ARC = YES;
				CLANG_ENABLE_OBJC_WEAK = YES;
				CLANG_WARN_BLOCK_CAPTURE_AUTORELEASING = YES;
				CLANG_WARN_BOOL_CONVERSION = YES;
				CLANG_WARN_COMMA = YES;
				CLANG_WARN_CONSTANT_CONVERSION = YES;
				CLANG_WARN_DEPRECATED_OBJC_IMPLEMENTATIONS = YES;
				CLANG_WARN_DIRECT_OBJC_ISA_USAGE = YES_ERROR;
				CLANG_WARN_DOCUMENTATION_COMMENTS = YES;
				CLANG_WARN_EMPTY_BODY = YES;
				CLANG_WARN_ENUM_CONVERSION = YES;
				CLANG_WARN_INFINITE_RECURSION = YES;
				CLANG_WARN_INT_CONVERSION = YES;
				CLANG_WARN_NON_LITERAL_NULL_CONVERSION = YES;
				CLANG_WARN_OBJC_IMPLICIT_RETAIN_SELF = YES;
				CLANG_WARN_OBJC_LITERAL_CONVERSION = YES;
				CLANG_WARN_OBJC_ROOT_CLASS = YES_ERROR;
				CLANG_WARN_QUOTED_INCLUDE_IN_FRAMEWORK_HEADER = YES;
				CLANG_WARN_RANGE_LOOP_ANALYSIS = YES;
				CLANG_WARN_STRICT_PROTOTYPES = YES;
				CLANG_WARN_SUSPICIOUS_MOVE = YES;
				CLANG_WARN_UNGUARDED_AVAILABILITY = YES_AGGRESSIVE;
				CLANG_WARN_UNREACHABLE_CODE = YES;
				CLANG_WARN__DUPLICATE_METHOD_MATCH = YES;
				COPY_PHASE_STRIP = NO;
				DEBUG_INFORMATION_FORMAT = "dwarf-with-dsym";
				ENABLE_NS_ASSERTIONS = NO;
				ENABLE_STRICT_OBJC_MSGSEND = YES;
				GCC_C_LANGUAGE_STANDARD = gnu11;
				GCC_NO_COMMON_BLOCKS = YES;
				GCC_WARN_64_TO_32_BIT_CONVERSION = YES;
				GCC_WARN_ABOUT_RETURN_TYPE = YES_ERROR;
				GCC_WARN_UNDECLARED_SELECTOR = YES;
				GCC_WARN_UNINITIALIZED_AUTOS = YES_AGGRESSIVE;
				GCC_WARN_UNUSED_FUNCTION = YES;
				GCC_WARN_UNUSED_VARIABLE = YES;
				IPHONEOS_DEPLOYMENT_TARGET = 15.5;
				MTL_ENABLE_DEBUG_INFO = NO;
				MTL_FAST_MATH = YES;
				SDKROOT = iphoneos;
				SWIFT_COMPILATION_MODE = wholemodule;
				SWIFT_OPTIMIZATION_LEVEL = "-O";
				VALIDATE_PRODUCT = YES;
			};
			name = Release;
		};
		15535B082972F6A300A0E422 /* Debug */ = {
			isa = XCBuildConfiguration;
			buildSettings = {
				ASSETCATALOG_COMPILER_APPICON_NAME = AppIcon;
				ASSETCATALOG_COMPILER_GLOBAL_ACCENT_COLOR_NAME = AccentColor;
				CODE_SIGN_STYLE = Automatic;
				CURRENT_PROJECT_VERSION = 1;
				DEVELOPMENT_ASSET_PATHS = "\"aws-amplify-time-planner-swift-app/Preview Content\"";
				DEVELOPMENT_TEAM = 75U5WL2ZDC;
				ENABLE_PREVIEWS = YES;
				GENERATE_INFOPLIST_FILE = YES;
				INFOPLIST_KEY_UIApplicationSceneManifest_Generation = YES;
				INFOPLIST_KEY_UIApplicationSupportsIndirectInputEvents = YES;
				INFOPLIST_KEY_UILaunchScreen_Generation = YES;
				INFOPLIST_KEY_UISupportedInterfaceOrientations_iPad = "UIInterfaceOrientationPortrait UIInterfaceOrientationPortraitUpsideDown UIInterfaceOrientationLandscapeLeft UIInterfaceOrientationLandscapeRight";
				INFOPLIST_KEY_UISupportedInterfaceOrientations_iPhone = "UIInterfaceOrientationPortrait UIInterfaceOrientationLandscapeLeft UIInterfaceOrientationLandscapeRight";
				LD_RUNPATH_SEARCH_PATHS = (
					"$(inherited)",
					"@executable_path/Frameworks",
				);
				MARKETING_VERSION = 1.0;
				PRODUCT_BUNDLE_IDENTIFIER = "com.michael.aws-amplify-time-planner-swift-app";
				PRODUCT_NAME = "$(TARGET_NAME)";
				SWIFT_EMIT_LOC_STRINGS = YES;
				SWIFT_VERSION = 5.0;
				TARGETED_DEVICE_FAMILY = "1,2";
			};
			name = Debug;
		};
		15535B092972F6A300A0E422 /* Release */ = {
			isa = XCBuildConfiguration;
			buildSettings = {
				ASSETCATALOG_COMPILER_APPICON_NAME = AppIcon;
				ASSETCATALOG_COMPILER_GLOBAL_ACCENT_COLOR_NAME = AccentColor;
				CODE_SIGN_STYLE = Automatic;
				CURRENT_PROJECT_VERSION = 1;
				DEVELOPMENT_ASSET_PATHS = "\"aws-amplify-time-planner-swift-app/Preview Content\"";
				DEVELOPMENT_TEAM = 75U5WL2ZDC;
				ENABLE_PREVIEWS = YES;
				GENERATE_INFOPLIST_FILE = YES;
				INFOPLIST_KEY_UIApplicationSceneManifest_Generation = YES;
				INFOPLIST_KEY_UIApplicationSupportsIndirectInputEvents = YES;
				INFOPLIST_KEY_UILaunchScreen_Generation = YES;
				INFOPLIST_KEY_UISupportedInterfaceOrientations_iPad = "UIInterfaceOrientationPortrait UIInterfaceOrientationPortraitUpsideDown UIInterfaceOrientationLandscapeLeft UIInterfaceOrientationLandscapeRight";
				INFOPLIST_KEY_UISupportedInterfaceOrientations_iPhone = "UIInterfaceOrientationPortrait UIInterfaceOrientationLandscapeLeft UIInterfaceOrientationLandscapeRight";
				LD_RUNPATH_SEARCH_PATHS = (
					"$(inherited)",
					"@executable_path/Frameworks",
				);
				MARKETING_VERSION = 1.0;
				PRODUCT_BUNDLE_IDENTIFIER = "com.michael.aws-amplify-time-planner-swift-app";
				PRODUCT_NAME = "$(TARGET_NAME)";
				SWIFT_EMIT_LOC_STRINGS = YES;
				SWIFT_VERSION = 5.0;
				TARGETED_DEVICE_FAMILY = "1,2";
			};
			name = Release;
		};
/* End XCBuildConfiguration section */

/* Begin XCConfigurationList section */
		15535AF42972F69F00A0E422 /* Build configuration list for PBXProject "aws-amplify-time-planner-swift-app" */ = {
			isa = XCConfigurationList;
			buildConfigurations = (
				15535B052972F6A300A0E422 /* Debug */,
				15535B062972F6A300A0E422 /* Release */,
			);
			defaultConfigurationIsVisible = 0;
			defaultConfigurationName = Release;
		};
		15535B072972F6A300A0E422 /* Build configuration list for PBXNativeTarget "aws-amplify-time-planner-swift-app" */ = {
			isa = XCConfigurationList;
			buildConfigurations = (
				15535B082972F6A300A0E422 /* Debug */,
				15535B092972F6A300A0E422 /* Release */,
			);
			defaultConfigurationIsVisible = 0;
			defaultConfigurationName = Release;
		};
/* End XCConfigurationList section */

/* Begin XCRemoteSwiftPackageReference section */
		15535B0A2972F6EF00A0E422 /* XCRemoteSwiftPackageReference "amplify-swift" */ = {
			isa = XCRemoteSwiftPackageReference;
			repositoryURL = "https://github.com/aws-amplify/amplify-swift";
			requirement = {
				branch = main;
				kind = branch;
			};
		};
/* End XCRemoteSwiftPackageReference section */

/* Begin XCSwiftPackageProductDependency section */
		15535B0B2972F6EF00A0E422 /* AWSAPIPlugin */ = {
			isa = XCSwiftPackageProductDependency;
			package = 15535B0A2972F6EF00A0E422 /* XCRemoteSwiftPackageReference "amplify-swift" */;
			productName = AWSAPIPlugin;
		};
		15535B0D2972F6EF00A0E422 /* AWSCognitoAuthPlugin */ = {
			isa = XCSwiftPackageProductDependency;
			package = 15535B0A2972F6EF00A0E422 /* XCRemoteSwiftPackageReference "amplify-swift" */;
			productName = AWSCognitoAuthPlugin;
		};
		15535B0F2972F6EF00A0E422 /* Amplify */ = {
			isa = XCSwiftPackageProductDependency;
			package = 15535B0A2972F6EF00A0E422 /* XCRemoteSwiftPackageReference "amplify-swift" */;
			productName = Amplify;
		};
/* End XCSwiftPackageProductDependency section */

/* Begin XCVersionGroup section */
		156359822976465700FE8063 /* aws-amplify-time-planner-swift-app-model.xcdatamodeld */ = {
			isa = XCVersionGroup;
			children = (
				156359832976465700FE8063 /* aws-amplify-time-planner-swift-app.xcdatamodel */,
			);
			currentVersion = 156359832976465700FE8063 /* aws-amplify-time-planner-swift-app.xcdatamodel */;
			path = "aws-amplify-time-planner-swift-app-model.xcdatamodeld";
			sourceTree = "<group>";
			versionGroupType = wrapper.xcdatamodel;
		};
/* End XCVersionGroup section */
	};
	rootObject = 15535AF12972F69F00A0E422 /* Project object */;
}
