// !$*UTF8*$!
{
	archiveVersion = 1;
	classes = {
	};
	objectVersion = 55;
	objects = {

/* Begin PBXBuildFile section */
		15535AFD2972F69F00A0E422 /* aws_amplify_time_planner_swift_appApp.swift in Sources */ = {isa = PBXBuildFile; fileRef = 15535AFC2972F69F00A0E422 /* aws_amplify_time_planner_swift_appApp.swift */; };
		15535AFF2972F69F00A0E422 /* ContentView.swift in Sources */ = {isa = PBXBuildFile; fileRef = 15535AFE2972F69F00A0E422 /* ContentView.swift */; };
		15535B012972F6A300A0E422 /* Assets.xcassets in Resources */ = {isa = PBXBuildFile; fileRef = 15535B002972F6A300A0E422 /* Assets.xcassets */; };
		15535B042972F6A300A0E422 /* Preview Assets.xcassets in Resources */ = {isa = PBXBuildFile; fileRef = 15535B032972F6A300A0E422 /* Preview Assets.xcassets */; };
		15535B0C2972F6EF00A0E422 /* AWSAPIPlugin in Frameworks */ = {isa = PBXBuildFile; productRef = 15535B0B2972F6EF00A0E422 /* AWSAPIPlugin */; };
		15535B0E2972F6EF00A0E422 /* AWSCognitoAuthPlugin in Frameworks */ = {isa = PBXBuildFile; productRef = 15535B0D2972F6EF00A0E422 /* AWSCognitoAuthPlugin */; };
		15535B102972F6EF00A0E422 /* Amplify in Frameworks */ = {isa = PBXBuildFile; productRef = 15535B0F2972F6EF00A0E422 /* Amplify */; };
		156359842976465700FE8063 /* aws-amplify-time-planner-swift-app-model.xcdatamodeld in Sources */ = {isa = PBXBuildFile; fileRef = 156359822976465700FE8063 /* aws-amplify-time-planner-swift-app-model.xcdatamodeld */; };
		156359872976492900FE8063 /* Person+CoreDataClass.swift in Sources */ = {isa = PBXBuildFile; fileRef = 156359852976492800FE8063 /* Person+CoreDataClass.swift */; };
		156359882976492900FE8063 /* Person+CoreDataProperties.swift in Sources */ = {isa = PBXBuildFile; fileRef = 156359862976492900FE8063 /* Person+CoreDataProperties.swift */; };
		1563598C297650B200FE8063 /* CoreDataManager.swift in Sources */ = {isa = PBXBuildFile; fileRef = 1563598B297650B200FE8063 /* CoreDataManager.swift */; };
		1563598F297656AC00FE8063 /* Movie+CoreDataClass.swift in Sources */ = {isa = PBXBuildFile; fileRef = 1563598D297656AC00FE8063 /* Movie+CoreDataClass.swift */; };
		15635990297656AC00FE8063 /* Movie+CoreDataProperties.swift in Sources */ = {isa = PBXBuildFile; fileRef = 1563598E297656AC00FE8063 /* Movie+CoreDataProperties.swift */; };
		15635994297699FE00FE8063 /* MovieDetailView.swift in Sources */ = {isa = PBXBuildFile; fileRef = 15635993297699FE00FE8063 /* MovieDetailView.swift */; };
		A344950688FAEF109D74FA8F /* awsconfiguration.json in Resources */ = {isa = PBXBuildFile; fileRef = 79D742C1B144444EF9931E7D /* awsconfiguration.json */; };
		B0F6B018BF6B60D4FA0F4FE1 /* amplifyconfiguration.json in Resources */ = {isa = PBXBuildFile; fileRef = 0251B55F8FC1BE4D6C3A726F /* amplifyconfiguration.json */; };
/* End PBXBuildFile section */

/* Begin PBXFileReference section */
		0251B55F8FC1BE4D6C3A726F /* amplifyconfiguration.json */ = {isa = PBXFileReference; explicitFileType = text.json; path = amplifyconfiguration.json; sourceTree = "<group>"; };
		15535AF92972F69F00A0E422 /* aws-amplify-time-planner-swift-app.app */ = {isa = PBXFileReference; explicitFileType = wrapper.application; includeInIndex = 0; path = "aws-amplify-time-planner-swift-app.app"; sourceTree = BUILT_PRODUCTS_DIR; };
		15535AFC2972F69F00A0E422 /* aws_amplify_time_planner_swift_appApp.swift */ = {isa = PBXFileReference; lastKnownFileType = sourcecode.swift; path = aws_amplify_time_planner_swift_appApp.swift; sourceTree = "<group>"; };
		15535AFE2972F69F00A0E422 /* ContentView.swift */ = {isa = PBXFileReference; lastKnownFileType = sourcecode.swift; path = ContentView.swift; sourceTree = "<group>"; };
		15535B002972F6A300A0E422 /* Assets.xcassets */ = {isa = PBXFileReference; lastKnownFileType = folder.assetcatalog; path = Assets.xcassets; sourceTree = "<group>"; };
		15535B032972F6A300A0E422 /* Preview Assets.xcassets */ = {isa = PBXFileReference; lastKnownFileType = folder.assetcatalog; path = "Preview Assets.xcassets"; sourceTree = "<group>"; };
		156359832976465700FE8063 /* aws-amplify-time-planner-swift-app.xcdatamodel */ = {isa = PBXFileReference; lastKnownFileType = wrapper.xcdatamodel; path = "aws-amplify-time-planner-swift-app.xcdatamodel"; sourceTree = "<group>"; };
		156359852976492800FE8063 /* Person+CoreDataClass.swift */ = {isa = PBXFileReference; fileEncoding = 4; lastKnownFileType = sourcecode.swift; path = "Person+CoreDataClass.swift"; sourceTree = "<group>"; };
		156359862976492900FE8063 /* Person+CoreDataProperties.swift */ = {isa = PBXFileReference; fileEncoding = 4; lastKnownFileType = sourcecode.swift; path = "Person+CoreDataProperties.swift"; sourceTree = "<group>"; };
		1563598B297650B200FE8063 /* CoreDataManager.swift */ = {isa = PBXFileReference; lastKnownFileType = sourcecode.swift; path = CoreDataManager.swift; sourceTree = "<group>"; };
		1563598D297656AC00FE8063 /* Movie+CoreDataClass.swift */ = {isa = PBXFileReference; fileEncoding = 4; lastKnownFileType = sourcecode.swift; path = "Movie+CoreDataClass.swift"; sourceTree = "<group>"; };
		1563598E297656AC00FE8063 /* Movie+CoreDataProperties.swift */ = {isa = PBXFileReference; fileEncoding = 4; lastKnownFileType = sourcecode.swift; path = "Movie+CoreDataProperties.swift"; sourceTree = "<group>"; };
		15635993297699FE00FE8063 /* MovieDetailView.swift */ = {isa = PBXFileReference; lastKnownFileType = sourcecode.swift; path = MovieDetailView.swift; sourceTree = "<group>"; };
		79D742C1B144444EF9931E7D /* awsconfiguration.json */ = {isa = PBXFileReference; explicitFileType = text.json; path = awsconfiguration.json; sourceTree = "<group>"; };
/* End PBXFileReference section */

/* Begin PBXFrameworksBuildPhase section */
		15535AF62972F69F00A0E422 /* Frameworks */ = {
			isa = PBXFrameworksBuildPhase;
			buildActionMask = 2147483647;
			files = (
				15535B102972F6EF00A0E422 /* Amplify in Frameworks */,
				15535B0C2972F6EF00A0E422 /* AWSAPIPlugin in Frameworks */,
				15535B0E2972F6EF00A0E422 /* AWSCognitoAuthPlugin in Frameworks */,
			);
			runOnlyForDeploymentPostprocessing = 0;
		};
/* End PBXFrameworksBuildPhase section */

/* Begin PBXGroup section */
		0F918D0241CEA20C1B28F844 /* AmplifyConfig */ = {
			isa = PBXGroup;
			children = (
				79D742C1B144444EF9931E7D /* awsconfiguration.json */,
				0251B55F8FC1BE4D6C3A726F /* amplifyconfiguration.json */,
			);
			name = AmplifyConfig;
			sourceTree = "<group>";
		};
		15535AF02972F69F00A0E422 = {
			isa = PBXGroup;
			children = (
				15535AFB2972F69F00A0E422 /* aws-amplify-time-planner-swift-app */,
				15535AFA2972F69F00A0E422 /* Products */,
				0F918D0241CEA20C1B28F844 /* AmplifyConfig */,
			);
			sourceTree = "<group>";
		};
		15535AFA2972F69F00A0E422 /* Products */ = {
			isa = PBXGroup;
			children = (
				15535AF92972F69F00A0E422 /* aws-amplify-time-planner-swift-app.app */,
			);
			name = Products;
			sourceTree = "<group>";
		};
		15535AFB2972F69F00A0E422 /* aws-amplify-time-planner-swift-app */ = {
			isa = PBXGroup;
			children = (
				1563598A2976508400FE8063 /* Managers */,
				156359892976495A00FE8063 /* Model */,
				15535AFC2972F69F00A0E422 /* aws_amplify_time_planner_swift_appApp.swift */,
				15535AFE2972F69F00A0E422 /* ContentView.swift */,
				15535B002972F6A300A0E422 /* Assets.xcassets */,
				15535B022972F6A300A0E422 /* Preview Content */,
				156359822976465700FE8063 /* aws-amplify-time-planner-swift-app-model.xcdatamodeld */,
				15635993297699FE00FE8063 /* MovieDetailView.swift */,
			);
			path = "aws-amplify-time-planner-swift-app";
			sourceTree = "<group>";
		};
		15535B022972F6A300A0E422 /* Preview Content */ = {
			isa = PBXGroup;
			children = (
				15535B032972F6A300A0E422 /* Preview Assets.xcassets */,
			);
			path = "Preview Content";
			sourceTree = "<group>";
		};
		156359892976495A00FE8063 /* Model */ = {
			isa = PBXGroup;
			children = (
				156359862976492900FE8063 /* Person+CoreDataProperties.swift */,
				1563598D297656AC00FE8063 /* Movie+CoreDataClass.swift */,
				1563598E297656AC00FE8063 /* Movie+CoreDataProperties.swift */,
				156359852976492800FE8063 /* Person+CoreDataClass.swift */,
			);
			path = Model;
			sourceTree = "<group>";
		};
		1563598A2976508400FE8063 /* Managers */ = {
			isa = PBXGroup;
			children = (
				1563598B297650B200FE8063 /* CoreDataManager.swift */,
			);
			path = Managers;
			sourceTree = "<group>";
		};
/* End PBXGroup section */

/* Begin PBXNativeTarget section */
		15535AF82972F69F00A0E422 /* aws-amplify-time-planner-swift-app */ = {
			isa = PBXNativeTarget;
			buildConfigurationList = 15535B072972F6A300A0E422 /* Build configuration list for PBXNativeTarget "aws-amplify-time-planner-swift-app" */;
			buildPhases = (
				15535AF52972F69F00A0E422 /* Sources */,
				15535AF62972F69F00A0E422 /* Frameworks */,
				15535AF72972F69F00A0E422 /* Resources */,
			);
			buildRules = (
			);
			dependencies = (
			);
			name = "aws-amplify-time-planner-swift-app";
			packageProductDependencies = (
				15535B0B2972F6EF00A0E422 /* AWSAPIPlugin */,
				15535B0D2972F6EF00A0E422 /* AWSCognitoAuthPlugin */,
				15535B0F2972F6EF00A0E422 /* Amplify */,
			);
			productName = "aws-amplify-time-planner-swift-app";
			productReference = 15535AF92972F69F00A0E422 /* aws-amplify-time-planner-swift-app.app */;
			productType = "com.apple.product-type.application";
		};
/* End PBXNativeTarget section */

/* Begin PBXProject section */
		15535AF12972F69F00A0E422 /* Project object */ = {
			isa = PBXProject;
			attributes = {
				BuildIndependentTargetsInParallel = 1;
				LastSwiftUpdateCheck = 1340;
				LastUpgradeCheck = 1340;
				TargetAttributes = {
					15535AF82972F69F00A0E422 = {
						CreatedOnToolsVersion = 13.4.1;
					};
				};
			};
			buildConfigurationList = 15535AF42972F69F00A0E422 /* Build configuration list for PBXProject "aws-amplify-time-planner-swift-app" */;
			compatibilityVersion = "Xcode 13.0";
			developmentRegion = en;
			hasScannedForEncodings = 0;
			knownRegions = (
				en,
				Base,
			);
			mainGroup = 15535AF02972F69F00A0E422;
			packageReferences = (
				15535B0A2972F6EF00A0E422 /* XCRemoteSwiftPackageReference "amplify-swift" */,
			);
			productRefGroup = 15535AFA2972F69F00A0E422 /* Products */;
			projectDirPath = "";
			projectRoot = "";
			targets = (
				15535AF82972F69F00A0E422 /* aws-amplify-time-planner-swift-app */,
			);
		};
/* End PBXProject section */

/* Begin PBXResourcesBuildPhase section */
		15535AF72972F69F00A0E422 /* Resources */ = {
			isa = PBXResourcesBuildPhase;
			buildActionMask = 2147483647;
			files = (
				15535B042972F6A300A0E422 /* Preview Assets.xcassets in Resources */,
				15535B012972F6A300A0E422 /* Assets.xcassets in Resources */,
				A344950688FAEF109D74FA8F /* awsconfiguration.json in Resources */,
				B0F6B018BF6B60D4FA0F4FE1 /* amplifyconfiguration.json in Resources */,
			);
			runOnlyForDeploymentPostprocessing = 0;
		};
/* End PBXResourcesBuildPhase section */

/* Begin PBXSourcesBuildPhase section */
		15535AF52972F69F00A0E422 /* Sources */ = {
			isa = PBXSourcesBuildPhase;
			buildActionMask = 2147483647;
			files = (
				1563598F297656AC00FE8063 /* Movie+CoreDataClass.swift in Sources */,
				1563598C297650B200FE8063 /* CoreDataManager.swift in Sources */,
				156359872976492900FE8063 /* Person+CoreDataClass.swift in Sources */,
				15635994297699FE00FE8063 /* MovieDetailView.swift in Sources */,
				156359882976492900FE8063 /* Person+CoreDataProperties.swift in Sources */,
				15635990297656AC00FE8063 /* Movie+CoreDataProperties.swift in Sources */,
				15535AFF2972F69F00A0E422 /* ContentView.swift in Sources */,
				15535AFD2972F69F00A0E422 /* aws_amplify_time_planner_swift_appApp.swift in Sources */,
				156359842976465700FE8063 /* aws-amplify-time-planner-swift-app-model.xcdatamodeld in Sources */,
			);
			runOnlyForDeploymentPostprocessing = 0;
		};
/* End PBXSourcesBuildPhase section */

/* Begin XCBuildConfiguration section */
		15535B052972F6A300A0E422 /* Debug */ = {
			isa = XCBuildConfiguration;
			buildSettings = {
				ALWAYS_SEARCH_USER_PATHS = NO;
				CLANG_ANALYZER_NONNULL = YES;
				CLANG_ANALYZER_NUMBER_OBJECT_CONVERSION = YES_AGGRESSIVE;
				CLANG_CXX_LANGUAGE_STANDARD = "gnu++17";
				CLANG_ENABLE_MODULES = YES;
				CLANG_ENABLE_OBJC_ARC = YES;
				CLANG_ENABLE_OBJC_WEAK = YES;
				CLANG_WARN_BLOCK_CAPTURE_AUTORELEASING = YES;
				CLANG_WARN_BOOL_CONVERSION = YES;
				CLANG_WARN_COMMA = YES;
				CLANG_WARN_CONSTANT_CONVERSION = YES;
				CLANG_WARN_DEPRECATED_OBJC_IMPLEMENTATIONS = YES;
				CLANG_WARN_DIRECT_OBJC_ISA_USAGE = YES_ERROR;
				CLANG_WARN_DOCUMENTATION_COMMENTS = YES;
				CLANG_WARN_EMPTY_BODY = YES;
				CLANG_WARN_ENUM_CONVERSION = YES;
				CLANG_WARN_INFINITE_RECURSION = YES;
				CLANG_WARN_INT_CONVERSION = YES;
				CLANG_WARN_NON_LITERAL_NULL_CONVERSION = YES;
				CLANG_WARN_OBJC_IMPLICIT_RETAIN_SELF = YES;
				CLANG_WARN_OBJC_LITERAL_CONVERSION = YES;
				CLANG_WARN_OBJC_ROOT_CLASS = YES_ERROR;
				CLANG_WARN_QUOTED_INCLUDE_IN_FRAMEWORK_HEADER = YES;
				CLANG_WARN_RANGE_LOOP_ANALYSIS = YES;
				CLANG_WARN_STRICT_PROTOTYPES = YES;
				CLANG_WARN_SUSPICIOUS_MOVE = YES;
				CLANG_WARN_UNGUARDED_AVAILABILITY = YES_AGGRESSIVE;
				CLANG_WARN_UNREACHABLE_CODE = YES;
				CLANG_WARN__DUPLICATE_METHOD_MATCH = YES;
				COPY_PHASE_STRIP = NO;
				DEBUG_INFORMATION_FORMAT = dwarf;
				ENABLE_STRICT_OBJC_MSGSEND = YES;
				ENABLE_TESTABILITY = YES;
				GCC_C_LANGUAGE_STANDARD = gnu11;
				GCC_DYNAMIC_NO_PIC = NO;
				GCC_NO_COMMON_BLOCKS = YES;
				GCC_OPTIMIZATION_LEVEL = 0;
				GCC_PREPROCESSOR_DEFINITIONS = (
					"DEBUG=1",
					"$(inherited)",
				);
				GCC_WARN_64_TO_32_BIT_CONVERSION = YES;
				GCC_WARN_ABOUT_RETURN_TYPE = YES_ERROR;
				GCC_WARN_UNDECLARED_SELECTOR = YES;
				GCC_WARN_UNINITIALIZED_AUTOS = YES_AGGRESSIVE;
				GCC_WARN_UNUSED_FUNCTION = YES;
				GCC_WARN_UNUSED_VARIABLE = YES;
				IPHONEOS_DEPLOYMENT_TARGET = 15.5;
				MTL_ENABLE_DEBUG_INFO = INCLUDE_SOURCE;
				MTL_FAST_MATH = YES;
				ONLY_ACTIVE_ARCH = YES;
				SDKROOT = iphoneos;
				SWIFT_ACTIVE_COMPILATION_CONDITIONS = DEBUG;
				SWIFT_OPTIMIZATION_LEVEL = "-Onone";
			};
			name = Debug;
		};
		15535B062972F6A300A0E422 /* Release */ = {
			isa = XCBuildConfiguration;
			buildSettings = {
				ALWAYS_SEARCH_USER_PATHS = NO;
				CLANG_ANALYZER_NONNULL = YES;
				CLANG_ANALYZER_NUMBER_OBJECT_CONVERSION = YES_AGGRESSIVE;
				CLANG_CXX_LANGUAGE_STANDARD = "gnu++17";
				CLANG_ENABLE_MODULES = YES;
				CLANG_ENABLE_OBJC_ARC = YES;
				CLANG_ENABLE_OBJC_WEAK = YES;
				CLANG_WARN_BLOCK_CAPTURE_AUTORELEASING = YES;
				CLANG_WARN_BOOL_CONVERSION = YES;
				CLANG_WARN_COMMA = YES;
				CLANG_WARN_CONSTANT_CONVERSION = YES;
				CLANG_WARN_DEPRECATED_OBJC_IMPLEMENTATIONS = YES;
				CLANG_WARN_DIRECT_OBJC_ISA_USAGE = YES_ERROR;
				CLANG_WARN_DOCUMENTATION_COMMENTS = YES;
				CLANG_WARN_EMPTY_BODY = YES;
				CLANG_WARN_ENUM_CONVERSION = YES;
				CLANG_WARN_INFINITE_RECURSION = YES;
				CLANG_WARN_INT_CONVERSION = YES;
				CLANG_WARN_NON_LITERAL_NULL_CONVERSION = YES;
				CLANG_WARN_OBJC_IMPLICIT_RETAIN_SELF = YES;
				CLANG_WARN_OBJC_LITERAL_CONVERSION = YES;
				CLANG_WARN_OBJC_ROOT_CLASS = YES_ERROR;
				CLANG_WARN_QUOTED_INCLUDE_IN_FRAMEWORK_HEADER = YES;
				CLANG_WARN_RANGE_LOOP_ANALYSIS = YES;
				CLANG_WARN_STRICT_PROTOTYPES = YES;
				CLANG_WARN_SUSPICIOUS_MOVE = YES;
				CLANG_WARN_UNGUARDED_AVAILABILITY = YES_AGGRESSIVE;
				CLANG_WARN_UNREACHABLE_CODE = YES;
				CLANG_WARN__DUPLICATE_METHOD_MATCH = YES;
				COPY_PHASE_STRIP = NO;
				DEBUG_INFORMATION_FORMAT = "dwarf-with-dsym";
				ENABLE_NS_ASSERTIONS = NO;
				ENABLE_STRICT_OBJC_MSGSEND = YES;
				GCC_C_LANGUAGE_STANDARD = gnu11;
				GCC_NO_COMMON_BLOCKS = YES;
				GCC_WARN_64_TO_32_BIT_CONVERSION = YES;
				GCC_WARN_ABOUT_RETURN_TYPE = YES_ERROR;
				GCC_WARN_UNDECLARED_SELECTOR = YES;
				GCC_WARN_UNINITIALIZED_AUTOS = YES_AGGRESSIVE;
				GCC_WARN_UNUSED_FUNCTION = YES;
				GCC_WARN_UNUSED_VARIABLE = YES;
				IPHONEOS_DEPLOYMENT_TARGET = 15.5;
				MTL_ENABLE_DEBUG_INFO = NO;
				MTL_FAST_MATH = YES;
				SDKROOT = iphoneos;
				SWIFT_COMPILATION_MODE = wholemodule;
				SWIFT_OPTIMIZATION_LEVEL = "-O";
				VALIDATE_PRODUCT = YES;
			};
			name = Release;
		};
		15535B082972F6A300A0E422 /* Debug */ = {
			isa = XCBuildConfiguration;
			buildSettings = {
				ASSETCATALOG_COMPILER_APPICON_NAME = AppIcon;
				ASSETCATALOG_COMPILER_GLOBAL_ACCENT_COLOR_NAME = AccentColor;
				CODE_SIGN_STYLE = Automatic;
				CURRENT_PROJECT_VERSION = 1;
				DEVELOPMENT_ASSET_PATHS = "\"aws-amplify-time-planner-swift-app/Preview Content\"";
				DEVELOPMENT_TEAM = 75U5WL2ZDC;
				ENABLE_PREVIEWS = YES;
				GENERATE_INFOPLIST_FILE = YES;
				INFOPLIST_KEY_UIApplicationSceneManifest_Generation = YES;
				INFOPLIST_KEY_UIApplicationSupportsIndirectInputEvents = YES;
				INFOPLIST_KEY_UILaunchScreen_Generation = YES;
				INFOPLIST_KEY_UISupportedInterfaceOrientations_iPad = "UIInterfaceOrientationPortrait UIInterfaceOrientationPortraitUpsideDown UIInterfaceOrientationLandscapeLeft UIInterfaceOrientationLandscapeRight";
				INFOPLIST_KEY_UISupportedInterfaceOrientations_iPhone = "UIInterfaceOrientationPortrait UIInterfaceOrientationLandscapeLeft UIInterfaceOrientationLandscapeRight";
				LD_RUNPATH_SEARCH_PATHS = (
					"$(inherited)",
					"@executable_path/Frameworks",
				);
				MARKETING_VERSION = 1.0;
				PRODUCT_BUNDLE_IDENTIFIER = "com.michael.aws-amplify-time-planner-swift-app";
				PRODUCT_NAME = "$(TARGET_NAME)";
				SWIFT_EMIT_LOC_STRINGS = YES;
				SWIFT_VERSION = 5.0;
				TARGETED_DEVICE_FAMILY = "1,2";
			};
			name = Debug;
		};
		15535B092972F6A300A0E422 /* Release */ = {
			isa = XCBuildConfiguration;
			buildSettings = {
				ASSETCATALOG_COMPILER_APPICON_NAME = AppIcon;
				ASSETCATALOG_COMPILER_GLOBAL_ACCENT_COLOR_NAME = AccentColor;
				CODE_SIGN_STYLE = Automatic;
				CURRENT_PROJECT_VERSION = 1;
				DEVELOPMENT_ASSET_PATHS = "\"aws-amplify-time-planner-swift-app/Preview Content\"";
				DEVELOPMENT_TEAM = 75U5WL2ZDC;
				ENABLE_PREVIEWS = YES;
				GENERATE_INFOPLIST_FILE = YES;
				INFOPLIST_KEY_UIApplicationSceneManifest_Generation = YES;
				INFOPLIST_KEY_UIApplicationSupportsIndirectInputEvents = YES;
				INFOPLIST_KEY_UILaunchScreen_Generation = YES;
				INFOPLIST_KEY_UISupportedInterfaceOrientations_iPad = "UIInterfaceOrientationPortrait UIInterfaceOrientationPortraitUpsideDown UIInterfaceOrientationLandscapeLeft UIInterfaceOrientationLandscapeRight";
				INFOPLIST_KEY_UISupportedInterfaceOrientations_iPhone = "UIInterfaceOrientationPortrait UIInterfaceOrientationLandscapeLeft UIInterfaceOrientationLandscapeRight";
				LD_RUNPATH_SEARCH_PATHS = (
					"$(inherited)",
					"@executable_path/Frameworks",
				);
				MARKETING_VERSION = 1.0;
				PRODUCT_BUNDLE_IDENTIFIER = "com.michael.aws-amplify-time-planner-swift-app";
				PRODUCT_NAME = "$(TARGET_NAME)";
				SWIFT_EMIT_LOC_STRINGS = YES;
				SWIFT_VERSION = 5.0;
				TARGETED_DEVICE_FAMILY = "1,2";
			};
			name = Release;
		};
/* End XCBuildConfiguration section */

/* Begin XCConfigurationList section */
		15535AF42972F69F00A0E422 /* Build configuration list for PBXProject "aws-amplify-time-planner-swift-app" */ = {
			isa = XCConfigurationList;
			buildConfigurations = (
				15535B052972F6A300A0E422 /* Debug */,
				15535B062972F6A300A0E422 /* Release */,
			);
			defaultConfigurationIsVisible = 0;
			defaultConfigurationName = Release;
		};
		15535B072972F6A300A0E422 /* Build configuration list for PBXNativeTarget "aws-amplify-time-planner-swift-app" */ = {
			isa = XCConfigurationList;
			buildConfigurations = (
				15535B082972F6A300A0E422 /* Debug */,
				15535B092972F6A300A0E422 /* Release */,
			);
			defaultConfigurationIsVisible = 0;
			defaultConfigurationName = Release;
		};
/* End XCConfigurationList section */

/* Begin XCRemoteSwiftPackageReference section */
		15535B0A2972F6EF00A0E422 /* XCRemoteSwiftPackageReference "amplify-swift" */ = {
			isa = XCRemoteSwiftPackageReference;
			repositoryURL = "https://github.com/aws-amplify/amplify-swift";
			requirement = {
				branch = main;
				kind = branch;
			};
		};
/* End XCRemoteSwiftPackageReference section */

/* Begin XCSwiftPackageProductDependency section */
		15535B0B2972F6EF00A0E422 /* AWSAPIPlugin */ = {
			isa = XCSwiftPackageProductDependency;
			package = 15535B0A2972F6EF00A0E422 /* XCRemoteSwiftPackageReference "amplify-swift" */;
			productName = AWSAPIPlugin;
		};
		15535B0D2972F6EF00A0E422 /* AWSCognitoAuthPlugin */ = {
			isa = XCSwiftPackageProductDependency;
			package = 15535B0A2972F6EF00A0E422 /* XCRemoteSwiftPackageReference "amplify-swift" */;
			productName = AWSCognitoAuthPlugin;
		};
		15535B0F2972F6EF00A0E422 /* Amplify */ = {
			isa = XCSwiftPackageProductDependency;
			package = 15535B0A2972F6EF00A0E422 /* XCRemoteSwiftPackageReference "amplify-swift" */;
			productName = Amplify;
		};
/* End XCSwiftPackageProductDependency section */

/* Begin XCVersionGroup section */
		156359822976465700FE8063 /* aws-amplify-time-planner-swift-app-model.xcdatamodeld */ = {
			isa = XCVersionGroup;
			children = (
				156359832976465700FE8063 /* aws-amplify-time-planner-swift-app.xcdatamodel */,
			);
			currentVersion = 156359832976465700FE8063 /* aws-amplify-time-planner-swift-app.xcdatamodel */;
			path = "aws-amplify-time-planner-swift-app-model.xcdatamodeld";
			sourceTree = "<group>";
			versionGroupType = wrapper.xcdatamodel;
		};
/* End XCVersionGroup section */
	};
	rootObject = 15535AF12972F69F00A0E422 /* Project object */;
}
